// !$*UTF8*$!
{
	archiveVersion = 1;
	classes = {
	};
	objectVersion = 50;
	objects = {

/* Begin PBXBuildFile section */
		E7CC50872407E3F000B1C5B6 /* AppDelegate.swift in Sources */ = {isa = PBXBuildFile; fileRef = E7CC50862407E3F000B1C5B6 /* AppDelegate.swift */; };
		E7CC50892407E3F000B1C5B6 /* SceneDelegate.swift in Sources */ = {isa = PBXBuildFile; fileRef = E7CC50882407E3F000B1C5B6 /* SceneDelegate.swift */; };
		E7CC508B2407E3F000B1C5B6 /* ContentView.swift in Sources */ = {isa = PBXBuildFile; fileRef = E7CC508A2407E3F000B1C5B6 /* ContentView.swift */; };
		E7CC508D2407E3F500B1C5B6 /* Assets.xcassets in Resources */ = {isa = PBXBuildFile; fileRef = E7CC508C2407E3F500B1C5B6 /* Assets.xcassets */; };
		E7CC50902407E3F500B1C5B6 /* Preview Assets.xcassets in Resources */ = {isa = PBXBuildFile; fileRef = E7CC508F2407E3F500B1C5B6 /* Preview Assets.xcassets */; };
		E7CC50932407E3F500B1C5B6 /* LaunchScreen.storyboard in Resources */ = {isa = PBXBuildFile; fileRef = E7CC50912407E3F500B1C5B6 /* LaunchScreen.storyboard */; };
		E7CC509E2407E3F500B1C5B6 /* FoodtrackerTests.swift in Sources */ = {isa = PBXBuildFile; fileRef = E7CC509D2407E3F500B1C5B6 /* FoodtrackerTests.swift */; };
/* End PBXBuildFile section */

/* Begin PBXContainerItemProxy section */
		E7CC509A2407E3F500B1C5B6 /* PBXContainerItemProxy */ = {
			isa = PBXContainerItemProxy;
			containerPortal = E7CC507B2407E3F000B1C5B6 /* Project object */;
			proxyType = 1;
			remoteGlobalIDString = E7CC50822407E3F000B1C5B6;
			remoteInfo = Foodtracker;
		};
/* End PBXContainerItemProxy section */

/* Begin PBXFileReference section */
		E7CC50832407E3F000B1C5B6 /* Foodtracker.app */ = {isa = PBXFileReference; explicitFileType = wrapper.application; includeInIndex = 0; path = Foodtracker.app; sourceTree = BUILT_PRODUCTS_DIR; };
		E7CC50862407E3F000B1C5B6 /* AppDelegate.swift */ = {isa = PBXFileReference; lastKnownFileType = sourcecode.swift; path = AppDelegate.swift; sourceTree = "<group>"; };
		E7CC50882407E3F000B1C5B6 /* SceneDelegate.swift */ = {isa = PBXFileReference; lastKnownFileType = sourcecode.swift; path = SceneDelegate.swift; sourceTree = "<group>"; };
		E7CC508A2407E3F000B1C5B6 /* ContentView.swift */ = {isa = PBXFileReference; lastKnownFileType = sourcecode.swift; path = ContentView.swift; sourceTree = "<group>"; };
		E7CC508C2407E3F500B1C5B6 /* Assets.xcassets */ = {isa = PBXFileReference; lastKnownFileType = folder.assetcatalog; path = Assets.xcassets; sourceTree = "<group>"; };
		E7CC508F2407E3F500B1C5B6 /* Preview Assets.xcassets */ = {isa = PBXFileReference; lastKnownFileType = folder.assetcatalog; path = "Preview Assets.xcassets"; sourceTree = "<group>"; };
		E7CC50922407E3F500B1C5B6 /* Base */ = {isa = PBXFileReference; lastKnownFileType = file.storyboard; name = Base; path = Base.lproj/LaunchScreen.storyboard; sourceTree = "<group>"; };
		E7CC50942407E3F500B1C5B6 /* Info.plist */ = {isa = PBXFileReference; lastKnownFileType = text.plist.xml; path = Info.plist; sourceTree = "<group>"; };
		E7CC50992407E3F500B1C5B6 /* FoodtrackerTests.xctest */ = {isa = PBXFileReference; explicitFileType = wrapper.cfbundle; includeInIndex = 0; path = FoodtrackerTests.xctest; sourceTree = BUILT_PRODUCTS_DIR; };
		E7CC509D2407E3F500B1C5B6 /* FoodtrackerTests.swift */ = {isa = PBXFileReference; lastKnownFileType = sourcecode.swift; path = FoodtrackerTests.swift; sourceTree = "<group>"; };
		E7CC509F2407E3F500B1C5B6 /* Info.plist */ = {isa = PBXFileReference; lastKnownFileType = text.plist.xml; path = Info.plist; sourceTree = "<group>"; };
/* End PBXFileReference section */

/* Begin PBXFrameworksBuildPhase section */
		E7CC50802407E3F000B1C5B6 /* Frameworks */ = {
			isa = PBXFrameworksBuildPhase;
			buildActionMask = 2147483647;
			files = (
			);
			runOnlyForDeploymentPostprocessing = 0;
		};
		E7CC50962407E3F500B1C5B6 /* Frameworks */ = {
			isa = PBXFrameworksBuildPhase;
			buildActionMask = 2147483647;
			files = (
			);
			runOnlyForDeploymentPostprocessing = 0;
		};
/* End PBXFrameworksBuildPhase section */

/* Begin PBXGroup section */
		E7CC507A2407E3F000B1C5B6 = {
			isa = PBXGroup;
			children = (
				E7CC50852407E3F000B1C5B6 /* Foodtracker */,
				E7CC509C2407E3F500B1C5B6 /* FoodtrackerTests */,
				E7CC50842407E3F000B1C5B6 /* Products */,
			);
			sourceTree = "<group>";
		};
		E7CC50842407E3F000B1C5B6 /* Products */ = {
			isa = PBXGroup;
			children = (
				E7CC50832407E3F000B1C5B6 /* Foodtracker.app */,
				E7CC50992407E3F500B1C5B6 /* FoodtrackerTests.xctest */,
			);
			name = Products;
			sourceTree = "<group>";
		};
		E7CC50852407E3F000B1C5B6 /* Foodtracker */ = {
			isa = PBXGroup;
			children = (
				E7CC50862407E3F000B1C5B6 /* AppDelegate.swift */,
				E7CC50882407E3F000B1C5B6 /* SceneDelegate.swift */,
				E7CC508A2407E3F000B1C5B6 /* ContentView.swift */,
				E7CC508C2407E3F500B1C5B6 /* Assets.xcassets */,
				E7CC50912407E3F500B1C5B6 /* LaunchScreen.storyboard */,
				E7CC50942407E3F500B1C5B6 /* Info.plist */,
				E7CC508E2407E3F500B1C5B6 /* Preview Content */,
			);
			path = Foodtracker;
			sourceTree = "<group>";
		};
		E7CC508E2407E3F500B1C5B6 /* Preview Content */ = {
			isa = PBXGroup;
			children = (
				E7CC508F2407E3F500B1C5B6 /* Preview Assets.xcassets */,
			);
			path = "Preview Content";
			sourceTree = "<group>";
		};
		E7CC509C2407E3F500B1C5B6 /* FoodtrackerTests */ = {
			isa = PBXGroup;
			children = (
				E7CC509D2407E3F500B1C5B6 /* FoodtrackerTests.swift */,
				E7CC509F2407E3F500B1C5B6 /* Info.plist */,
			);
			path = FoodtrackerTests;
			sourceTree = "<group>";
		};
/* End PBXGroup section */

/* Begin PBXNativeTarget section */
		E7CC50822407E3F000B1C5B6 /* Foodtracker */ = {
			isa = PBXNativeTarget;
			buildConfigurationList = E7CC50A22407E3F500B1C5B6 /* Build configuration list for PBXNativeTarget "Foodtracker" */;
			buildPhases = (
				E7CC507F2407E3F000B1C5B6 /* Sources */,
				E7CC50802407E3F000B1C5B6 /* Frameworks */,
				E7CC50812407E3F000B1C5B6 /* Resources */,
			);
			buildRules = (
			);
			dependencies = (
			);
			name = Foodtracker;
			productName = Foodtracker;
			productReference = E7CC50832407E3F000B1C5B6 /* Foodtracker.app */;
			productType = "com.apple.product-type.application";
		};
		E7CC50982407E3F500B1C5B6 /* FoodtrackerTests */ = {
			isa = PBXNativeTarget;
			buildConfigurationList = E7CC50A52407E3F500B1C5B6 /* Build configuration list for PBXNativeTarget "FoodtrackerTests" */;
			buildPhases = (
				E7CC50952407E3F500B1C5B6 /* Sources */,
				E7CC50962407E3F500B1C5B6 /* Frameworks */,
				E7CC50972407E3F500B1C5B6 /* Resources */,
			);
			buildRules = (
			);
			dependencies = (
				E7CC509B2407E3F500B1C5B6 /* PBXTargetDependency */,
			);
			name = FoodtrackerTests;
			productName = FoodtrackerTests;
			productReference = E7CC50992407E3F500B1C5B6 /* FoodtrackerTests.xctest */;
			productType = "com.apple.product-type.bundle.unit-test";
		};
/* End PBXNativeTarget section */

/* Begin PBXProject section */
		E7CC507B2407E3F000B1C5B6 /* Project object */ = {
			isa = PBXProject;
			attributes = {
				LastSwiftUpdateCheck = 1130;
				LastUpgradeCheck = 1130;
				ORGANIZATIONNAME = "Michael Adair";
				TargetAttributes = {
					E7CC50822407E3F000B1C5B6 = {
						CreatedOnToolsVersion = 11.3.1;
					};
					E7CC50982407E3F500B1C5B6 = {
						CreatedOnToolsVersion = 11.3.1;
						TestTargetID = E7CC50822407E3F000B1C5B6;
					};
				};
			};
			buildConfigurationList = E7CC507E2407E3F000B1C5B6 /* Build configuration list for PBXProject "Foodtracker" */;
			compatibilityVersion = "Xcode 9.3";
			developmentRegion = en;
			hasScannedForEncodings = 0;
			knownRegions = (
				en,
				Base,
			);
			mainGroup = E7CC507A2407E3F000B1C5B6;
			productRefGroup = E7CC50842407E3F000B1C5B6 /* Products */;
			projectDirPath = "";
			projectRoot = "";
			targets = (
				E7CC50822407E3F000B1C5B6 /* Foodtracker */,
				E7CC50982407E3F500B1C5B6 /* FoodtrackerTests */,
			);
		};
/* End PBXProject section */

/* Begin PBXResourcesBuildPhase section */
		E7CC50812407E3F000B1C5B6 /* Resources */ = {
			isa = PBXResourcesBuildPhase;
			buildActionMask = 2147483647;
			files = (
				E7CC50932407E3F500B1C5B6 /* LaunchScreen.storyboard in Resources */,
				E7CC50902407E3F500B1C5B6 /* Preview Assets.xcassets in Resources */,
				E7CC508D2407E3F500B1C5B6 /* Assets.xcassets in Resources */,
			);
			runOnlyForDeploymentPostprocessing = 0;
		};
		E7CC50972407E3F500B1C5B6 /* Resources */ = {
			isa = PBXResourcesBuildPhase;
			buildActionMask = 2147483647;
			files = (
			);
			runOnlyForDeploymentPostprocessing = 0;
		};
/* End PBXResourcesBuildPhase section */

/* Begin PBXSourcesBuildPhase section */
		E7CC507F2407E3F000B1C5B6 /* Sources */ = {
			isa = PBXSourcesBuildPhase;
			buildActionMask = 2147483647;
			files = (
				E7CC50872407E3F000B1C5B6 /* AppDelegate.swift in Sources */,
				E7CC50892407E3F000B1C5B6 /* SceneDelegate.swift in Sources */,
				E7CC508B2407E3F000B1C5B6 /* ContentView.swift in Sources */,
			);
			runOnlyForDeploymentPostprocessing = 0;
		};
		E7CC50952407E3F500B1C5B6 /* Sources */ = {
			isa = PBXSourcesBuildPhase;
			buildActionMask = 2147483647;
			files = (
				E7CC509E2407E3F500B1C5B6 /* FoodtrackerTests.swift in Sources */,
			);
			runOnlyForDeploymentPostprocessing = 0;
		};
/* End PBXSourcesBuildPhase section */

/* Begin PBXTargetDependency section */
		E7CC509B2407E3F500B1C5B6 /* PBXTargetDependency */ = {
			isa = PBXTargetDependency;
			target = E7CC50822407E3F000B1C5B6 /* Foodtracker */;
			targetProxy = E7CC509A2407E3F500B1C5B6 /* PBXContainerItemProxy */;
		};
/* End PBXTargetDependency section */

/* Begin PBXVariantGroup section */
		E7CC50912407E3F500B1C5B6 /* LaunchScreen.storyboard */ = {
			isa = PBXVariantGroup;
			children = (
				E7CC50922407E3F500B1C5B6 /* Base */,
			);
			name = LaunchScreen.storyboard;
			sourceTree = "<group>";
		};
/* End PBXVariantGroup section */

/* Begin XCBuildConfiguration section */
		E7CC50A02407E3F500B1C5B6 /* Debug */ = {
			isa = XCBuildConfiguration;
			buildSettings = {
				ALWAYS_SEARCH_USER_PATHS = NO;
				CLANG_ANALYZER_NONNULL = YES;
				CLANG_ANALYZER_NUMBER_OBJECT_CONVERSION = YES_AGGRESSIVE;
				CLANG_CXX_LANGUAGE_STANDARD = "gnu++14";
				CLANG_CXX_LIBRARY = "libc++";
				CLANG_ENABLE_MODULES = YES;
				CLANG_ENABLE_OBJC_ARC = YES;
				CLANG_ENABLE_OBJC_WEAK = YES;
				CLANG_WARN_BLOCK_CAPTURE_AUTORELEASING = YES;
				CLANG_WARN_BOOL_CONVERSION = YES;
				CLANG_WARN_COMMA = YES;
				CLANG_WARN_CONSTANT_CONVERSION = YES;
				CLANG_WARN_DEPRECATED_OBJC_IMPLEMENTATIONS = YES;
				CLANG_WARN_DIRECT_OBJC_ISA_USAGE = YES_ERROR;
				CLANG_WARN_DOCUMENTATION_COMMENTS = YES;
				CLANG_WARN_EMPTY_BODY = YES;
				CLANG_WARN_ENUM_CONVERSION = YES;
				CLANG_WARN_INFINITE_RECURSION = YES;
				CLANG_WARN_INT_CONVERSION = YES;
				CLANG_WARN_NON_LITERAL_NULL_CONVERSION = YES;
				CLANG_WARN_OBJC_IMPLICIT_RETAIN_SELF = YES;
				CLANG_WARN_OBJC_LITERAL_CONVERSION = YES;
				CLANG_WARN_OBJC_ROOT_CLASS = YES_ERROR;
				CLANG_WARN_RANGE_LOOP_ANALYSIS = YES;
				CLANG_WARN_STRICT_PROTOTYPES = YES;
				CLANG_WARN_SUSPICIOUS_MOVE = YES;
				CLANG_WARN_UNGUARDED_AVAILABILITY = YES_AGGRESSIVE;
				CLANG_WARN_UNREACHABLE_CODE = YES;
				CLANG_WARN__DUPLICATE_METHOD_MATCH = YES;
				COPY_PHASE_STRIP = NO;
				DEBUG_INFORMATION_FORMAT = dwarf;
				ENABLE_STRICT_OBJC_MSGSEND = YES;
				ENABLE_TESTABILITY = YES;
				GCC_C_LANGUAGE_STANDARD = gnu11;
				GCC_DYNAMIC_NO_PIC = NO;
				GCC_NO_COMMON_BLOCKS = YES;
				GCC_OPTIMIZATION_LEVEL = 0;
				GCC_PREPROCESSOR_DEFINITIONS = (
					"DEBUG=1",
					"$(inherited)",
				);
				GCC_WARN_64_TO_32_BIT_CONVERSION = YES;
				GCC_WARN_ABOUT_RETURN_TYPE = YES_ERROR;
				GCC_WARN_UNDECLARED_SELECTOR = YES;
				GCC_WARN_UNINITIALIZED_AUTOS = YES_AGGRESSIVE;
				GCC_WARN_UNUSED_FUNCTION = YES;
				GCC_WARN_UNUSED_VARIABLE = YES;
				IPHONEOS_DEPLOYMENT_TARGET = 13.2;
				MTL_ENABLE_DEBUG_INFO = INCLUDE_SOURCE;
				MTL_FAST_MATH = YES;
				ONLY_ACTIVE_ARCH = YES;
				SDKROOT = iphoneos;
				SWIFT_ACTIVE_COMPILATION_CONDITIONS = DEBUG;
				SWIFT_OPTIMIZATION_LEVEL = "-Onone";
			};
			name = Debug;
		};
		E7CC50A12407E3F500B1C5B6 /* Release */ = {
			isa = XCBuildConfiguration;
			buildSettings = {
				ALWAYS_SEARCH_USER_PATHS = NO;
				CLANG_ANALYZER_NONNULL = YES;
				CLANG_ANALYZER_NUMBER_OBJECT_CONVERSION = YES_AGGRESSIVE;
				CLANG_CXX_LANGUAGE_STANDARD = "gnu++14";
				CLANG_CXX_LIBRARY = "libc++";
				CLANG_ENABLE_MODULES = YES;
				CLANG_ENABLE_OBJC_ARC = YES;
				CLANG_ENABLE_OBJC_WEAK = YES;
				CLANG_WARN_BLOCK_CAPTURE_AUTORELEASING = YES;
				CLANG_WARN_BOOL_CONVERSION = YES;
				CLANG_WARN_COMMA = YES;
				CLANG_WARN_CONSTANT_CONVERSION = YES;
				CLANG_WARN_DEPRECATED_OBJC_IMPLEMENTATIONS = YES;
				CLANG_WARN_DIRECT_OBJC_ISA_USAGE = YES_ERROR;
				CLANG_WARN_DOCUMENTATION_COMMENTS = YES;
				CLANG_WARN_EMPTY_BODY = YES;
				CLANG_WARN_ENUM_CONVERSION = YES;
				CLANG_WARN_INFINITE_RECURSION = YES;
				CLANG_WARN_INT_CONVERSION = YES;
				CLANG_WARN_NON_LITERAL_NULL_CONVERSION = YES;
				CLANG_WARN_OBJC_IMPLICIT_RETAIN_SELF = YES;
				CLANG_WARN_OBJC_LITERAL_CONVERSION = YES;
				CLANG_WARN_OBJC_ROOT_CLASS = YES_ERROR;
				CLANG_WARN_RANGE_LOOP_ANALYSIS = YES;
				CLANG_WARN_STRICT_PROTOTYPES = YES;
				CLANG_WARN_SUSPICIOUS_MOVE = YES;
				CLANG_WARN_UNGUARDED_AVAILABILITY = YES_AGGRESSIVE;
				CLANG_WARN_UNREACHABLE_CODE = YES;
				CLANG_WARN__DUPLICATE_METHOD_MATCH = YES;
				COPY_PHASE_STRIP = NO;
				DEBUG_INFORMATION_FORMAT = "dwarf-with-dsym";
				ENABLE_NS_ASSERTIONS = NO;
				ENABLE_STRICT_OBJC_MSGSEND = YES;
				GCC_C_LANGUAGE_STANDARD = gnu11;
				GCC_NO_COMMON_BLOCKS = YES;
				GCC_WARN_64_TO_32_BIT_CONVERSION = YES;
				GCC_WARN_ABOUT_RETURN_TYPE = YES_ERROR;
				GCC_WARN_UNDECLARED_SELECTOR = YES;
				GCC_WARN_UNINITIALIZED_AUTOS = YES_AGGRESSIVE;
				GCC_WARN_UNUSED_FUNCTION = YES;
				GCC_WARN_UNUSED_VARIABLE = YES;
				IPHONEOS_DEPLOYMENT_TARGET = 13.2;
				MTL_ENABLE_DEBUG_INFO = NO;
				MTL_FAST_MATH = YES;
				SDKROOT = iphoneos;
				SWIFT_COMPILATION_MODE = wholemodule;
				SWIFT_OPTIMIZATION_LEVEL = "-O";
				VALIDATE_PRODUCT = YES;
			};
			name = Release;
		};
		E7CC50A32407E3F500B1C5B6 /* Debug */ = {
			isa = XCBuildConfiguration;
			buildSettings = {
				ASSETCATALOG_COMPILER_APPICON_NAME = AppIcon;
				CODE_SIGN_STYLE = Automatic;
				DEVELOPMENT_ASSET_PATHS = "\"Foodtracker/Preview Content\"";
				ENABLE_PREVIEWS = YES;
				INFOPLIST_FILE = Foodtracker/Info.plist;
				LD_RUNPATH_SEARCH_PATHS = (
					"$(inherited)",
					"@executable_path/Frameworks",
				);
				PRODUCT_BUNDLE_IDENTIFIER = com.example.Foodtracker;
				PRODUCT_NAME = "$(TARGET_NAME)";
				SWIFT_VERSION = 5.0;
				TARGETED_DEVICE_FAMILY = "1,2";
			};
			name = Debug;
		};
		E7CC50A42407E3F500B1C5B6 /* Release */ = {
			isa = XCBuildConfiguration;
			buildSettings = {
				ASSETCATALOG_COMPILER_APPICON_NAME = AppIcon;
				CODE_SIGN_STYLE = Automatic;
				DEVELOPMENT_ASSET_PATHS = "\"Foodtracker/Preview Content\"";
				ENABLE_PREVIEWS = YES;
				INFOPLIST_FILE = Foodtracker/Info.plist;
				LD_RUNPATH_SEARCH_PATHS = (
					"$(inherited)",
					"@executable_path/Frameworks",
				);
				PRODUCT_BUNDLE_IDENTIFIER = com.example.Foodtracker;
				PRODUCT_NAME = "$(TARGET_NAME)";
				SWIFT_VERSION = 5.0;
				TARGETED_DEVICE_FAMILY = "1,2";
			};
			name = Release;
		};
		E7CC50A62407E3F500B1C5B6 /* Debug */ = {
			isa = XCBuildConfiguration;
			buildSettings = {
				ALWAYS_EMBED_SWIFT_STANDARD_LIBRARIES = YES;
				BUNDLE_LOADER = "$(TEST_HOST)";
				CODE_SIGN_STYLE = Automatic;
				INFOPLIST_FILE = FoodtrackerTests/Info.plist;
				IPHONEOS_DEPLOYMENT_TARGET = 13.2;
				LD_RUNPATH_SEARCH_PATHS = (
					"$(inherited)",
					"@executable_path/Frameworks",
					"@loader_path/Frameworks",
				);
				PRODUCT_BUNDLE_IDENTIFIER = com.example.FoodtrackerTests;
				PRODUCT_NAME = "$(TARGET_NAME)";
				SWIFT_VERSION = 5.0;
				TARGETED_DEVICE_FAMILY = "1,2";
				TEST_HOST = "$(BUILT_PRODUCTS_DIR)/Foodtracker.app/Foodtracker";
			};
			name = Debug;
		};
		E7CC50A72407E3F500B1C5B6 /* Release */ = {
			isa = XCBuildConfiguration;
			buildSettings = {
				ALWAYS_EMBED_SWIFT_STANDARD_LIBRARIES = YES;
				BUNDLE_LOADER = "$(TEST_HOST)";
				CODE_SIGN_STYLE = Automatic;
				INFOPLIST_FILE = FoodtrackerTests/Info.plist;
				IPHONEOS_DEPLOYMENT_TARGET = 13.2;
				LD_RUNPATH_SEARCH_PATHS = (
					"$(inherited)",
					"@executable_path/Frameworks",
					"@loader_path/Frameworks",
				);
				PRODUCT_BUNDLE_IDENTIFIER = com.example.FoodtrackerTests;
				PRODUCT_NAME = "$(TARGET_NAME)";
				SWIFT_VERSION = 5.0;
				TARGETED_DEVICE_FAMILY = "1,2";
				TEST_HOST = "$(BUILT_PRODUCTS_DIR)/Foodtracker.app/Foodtracker";
			};
			name = Release;
		};
/* End XCBuildConfiguration section */

/* Begin XCConfigurationList section */
		E7CC507E2407E3F000B1C5B6 /* Build configuration list for PBXProject "Foodtracker" */ = {
			isa = XCConfigurationList;
			buildConfigurations = (
				E7CC50A02407E3F500B1C5B6 /* Debug */,
				E7CC50A12407E3F500B1C5B6 /* Release */,
			);
			defaultConfigurationIsVisible = 0;
			defaultConfigurationName = Release;
		};
		E7CC50A22407E3F500B1C5B6 /* Build configuration list for PBXNativeTarget "Foodtracker" */ = {
			isa = XCConfigurationList;
			buildConfigurations = (
				E7CC50A32407E3F500B1C5B6 /* Debug */,
				E7CC50A42407E3F500B1C5B6 /* Release */,
			);
			defaultConfigurationIsVisible = 0;
			defaultConfigurationName = Release;
		};
		E7CC50A52407E3F500B1C5B6 /* Build configuration list for PBXNativeTarget "FoodtrackerTests" */ = {
			isa = XCConfigurationList;
			buildConfigurations = (
				E7CC50A62407E3F500B1C5B6 /* Debug */,
				E7CC50A72407E3F500B1C5B6 /* Release */,
			);
			defaultConfigurationIsVisible = 0;
			defaultConfigurationName = Release;
		};
/* End XCConfigurationList section */
	};
	rootObject = E7CC507B2407E3F000B1C5B6 /* Project object */;
}
